
Microsoft Visual Studio Solution File, Format Version 12.00
# Visual Studio 15
VisualStudioVersion = 15.0.27130.2010
MinimumVisualStudioVersion = 10.0.40219.1
Project("{FAE04EC0-301F-11D3-BF4B-00C04F79EFBC}") = "EFGetStarted.AspNetCore.ExistingDb", "EFGetStarted.AspNetCore.ExistingDb\EFGetStarted.AspNetCore.ExistingDb.csproj", "{FD799672-7616-45BA-8764-6BEC7F29211C}"
EndProject
Global
	GlobalSection(SolutionConfigurationPlatforms) = preSolution
		Debug|Any CPU = Debug|Any CPU
		Release|Any CPU = Release|Any CPU
	EndGlobalSection
	GlobalSection(ProjectConfigurationPlatforms) = postSolution
		{FD799672-7616-45BA-8764-6BEC7F29211C}.Debug|Any CPU.ActiveCfg = Debug|Any CPU
		{FD799672-7616-45BA-8764-6BEC7F29211C}.Debug|Any CPU.Build.0 = Debug|Any CPU
		{FD799672-7616-45BA-8764-6BEC7F29211C}.Release|Any CPU.ActiveCfg = Release|Any CPU
		{FD799672-7616-45BA-8764-6BEC7F29211C}.Release|Any CPU.Build.0 = Release|Any CPU
	EndGlobalSection
	GlobalSection(SolutionProperties) = preSolution
		HideSolutionNode = FALSE
	EndGlobalSection
	GlobalSection(ExtensibilityGlobals) = postSolution
		SolutionGuid = {BC969FEA-698F-4A3F-9144-F157A1B67982}
	EndGlobalSection
EndGlobal
