
Microsoft Visual Studio Solution File, Format Version 12.00
# Visual Studio 15
VisualStudioVersion = 15.0.27130.2010
MinimumVisualStudioVersion = 10.0.40219.1
Project("{FAE04EC0-301F-11D3-BF4B-00C04F79EFBC}") = "MvcMovie", "MvcMovie\MvcMovie.csproj", "{BF3E234E-1E72-4746-9AB8-ED7420E926E7}"
EndProject
Global
	GlobalSection(SolutionConfigurationPlatforms) = preSolution
		Debug|Any CPU = Debug|Any CPU
		Release|Any CPU = Release|Any CPU
	EndGlobalSection
	GlobalSection(ProjectConfigurationPlatforms) = postSolution
		{BF3E234E-1E72-4746-9AB8-ED7420E926E7}.Debug|Any CPU.ActiveCfg = Debug|Any CPU
		{BF3E234E-1E72-4746-9AB8-ED7420E926E7}.Debug|Any CPU.Build.0 = Debug|Any CPU
		{BF3E234E-1E72-4746-9AB8-ED7420E926E7}.Release|Any CPU.ActiveCfg = Release|Any CPU
		{BF3E234E-1E72-4746-9AB8-ED7420E926E7}.Release|Any CPU.Build.0 = Release|Any CPU
	EndGlobalSection
	GlobalSection(SolutionProperties) = preSolution
		HideSolutionNode = FALSE
	EndGlobalSection
	GlobalSection(ExtensibilityGlobals) = postSolution
		SolutionGuid = {1D7065A7-5D3F-4D54-9862-5CE3B787FDAA}
	EndGlobalSection
EndGlobal
